// !$*UTF8*$!
{
	archiveVersion = 1;
	classes = {
	};
	objectVersion = 56;
	objects = {

/* Begin PBXBuildFile section */
		E80728E229D6336D0045ECAC /* ConvertControlNetViewModel.swift in Sources */ = {isa = PBXBuildFile; fileRef = E80728E129D6336D0045ECAC /* ConvertControlNetViewModel.swift */; };
		E80728E429D633730045ECAC /* ConvertControlNetView.swift in Sources */ = {isa = PBXBuildFile; fileRef = E80728E329D633730045ECAC /* ConvertControlNetView.swift */; };
		E82729AA29D6E29D0029C1A9 /* Version.swift in Sources */ = {isa = PBXBuildFile; fileRef = E82729A929D6E29D0029C1A9 /* Version.swift */; };
		E82729AD29D70C220029C1A9 /* DestinationToolbarButton.swift in Sources */ = {isa = PBXBuildFile; fileRef = E82729AC29D70C220029C1A9 /* DestinationToolbarButton.swift */; };
		E82F887D29C7643200A36A05 /* GuernikaModelConverterApp.swift in Sources */ = {isa = PBXBuildFile; fileRef = E82F887C29C7643200A36A05 /* GuernikaModelConverterApp.swift */; };
		E82F888129C7643300A36A05 /* Assets.xcassets in Resources */ = {isa = PBXBuildFile; fileRef = E82F888029C7643300A36A05 /* Assets.xcassets */; };
		E82F888429C7643300A36A05 /* Preview Assets.xcassets in Resources */ = {isa = PBXBuildFile; fileRef = E82F888329C7643300A36A05 /* Preview Assets.xcassets */; };
		E82F888F29C7643300A36A05 /* GuernikaModelConverterTests.swift in Sources */ = {isa = PBXBuildFile; fileRef = E82F888E29C7643300A36A05 /* GuernikaModelConverterTests.swift */; };
		E82F889929C7643300A36A05 /* GuernikaModelConverterUITests.swift in Sources */ = {isa = PBXBuildFile; fileRef = E82F889829C7643300A36A05 /* GuernikaModelConverterUITests.swift */; };
		E82F889B29C7643300A36A05 /* GuernikaModelConverterUITestsLaunchTests.swift in Sources */ = {isa = PBXBuildFile; fileRef = E82F889A29C7643300A36A05 /* GuernikaModelConverterUITestsLaunchTests.swift */; };
		E83C404029D4EED70078E462 /* DetailColumn.swift in Sources */ = {isa = PBXBuildFile; fileRef = E83C403A29D4EE420078E462 /* DetailColumn.swift */; };
		E83C404129D4EED70078E462 /* Sidebar.swift in Sources */ = {isa = PBXBuildFile; fileRef = E83C403B29D4EE420078E462 /* Sidebar.swift */; };
		E83C404229D4EED70078E462 /* ContentView.swift in Sources */ = {isa = PBXBuildFile; fileRef = E83C403C29D4EE420078E462 /* ContentView.swift */; };
		E83C404529D4F1560078E462 /* ComputeUnits.swift in Sources */ = {isa = PBXBuildFile; fileRef = E83C404429D4F1560078E462 /* ComputeUnits.swift */; };
		E83C404829D4F2790078E462 /* ConvertModelViewModel.swift in Sources */ = {isa = PBXBuildFile; fileRef = E83C404729D4F2790078E462 /* ConvertModelViewModel.swift */; };
		E83C404A29D4F2960078E462 /* ConvertModelView.swift in Sources */ = {isa = PBXBuildFile; fileRef = E83C404929D4F2960078E462 /* ConvertModelView.swift */; };
		E83C404C29D4F61B0078E462 /* ModelOrigin.swift in Sources */ = {isa = PBXBuildFile; fileRef = E83C404B29D4F61B0078E462 /* ModelOrigin.swift */; };
		E83C404E29D4F9B60078E462 /* IntegerField.swift in Sources */ = {isa = PBXBuildFile; fileRef = E83C404D29D4F9B60078E462 /* IntegerField.swift */; };
		E83C405029D581490078E462 /* ConverterProcess.swift in Sources */ = {isa = PBXBuildFile; fileRef = E83C404F29D581490078E462 /* ConverterProcess.swift */; };
		E83C405229D5A1880078E462 /* CircularProgress.swift in Sources */ = {isa = PBXBuildFile; fileRef = E83C405129D5A1880078E462 /* CircularProgress.swift */; };
		E83C405529D5DB5E0078E462 /* LogView.swift in Sources */ = {isa = PBXBuildFile; fileRef = E83C405429D5DB5E0078E462 /* LogView.swift */; };
		E83C405729D5DBE50078E462 /* Logger.swift in Sources */ = {isa = PBXBuildFile; fileRef = E83C405629D5DBE50078E462 /* Logger.swift */; };
		E85FB4C12A3DC20E0067ACC2 /* GuernikaTools in Copy GuernikaTools */ = {isa = PBXBuildFile; fileRef = E85FB4BF2A3DC1B40067ACC2 /* GuernikaTools */; settings = {ATTRIBUTES = (CodeSignOnCopy, ); }; };
		E8FDCF592A3FCFC600483B18 /* Compression.swift in Sources */ = {isa = PBXBuildFile; fileRef = E8FDCF582A3FCFC600483B18 /* Compression.swift */; };
/* End PBXBuildFile section */

/* Begin PBXContainerItemProxy section */
		E82F888B29C7643300A36A05 /* PBXContainerItemProxy */ = {
			isa = PBXContainerItemProxy;
			containerPortal = E82F887129C7643200A36A05 /* Project object */;
			proxyType = 1;
			remoteGlobalIDString = E82F887829C7643200A36A05;
			remoteInfo = GuernikaModelConverter;
		};
		E82F889529C7643300A36A05 /* PBXContainerItemProxy */ = {
			isa = PBXContainerItemProxy;
			containerPortal = E82F887129C7643200A36A05 /* Project object */;
			proxyType = 1;
			remoteGlobalIDString = E82F887829C7643200A36A05;
			remoteInfo = GuernikaModelConverter;
		};
/* End PBXContainerItemProxy section */

/* Begin PBXCopyFilesBuildPhase section */
		E82729AF29D7424C0029C1A9 /* Copy GuernikaTools */ = {
			isa = PBXCopyFilesBuildPhase;
			buildActionMask = 2147483647;
			dstPath = "";
			dstSubfolderSpec = 6;
			files = (
				E85FB4C12A3DC20E0067ACC2 /* GuernikaTools in Copy GuernikaTools */,
			);
			name = "Copy GuernikaTools";
			runOnlyForDeploymentPostprocessing = 0;
		};
/* End PBXCopyFilesBuildPhase section */

/* Begin PBXFileReference section */
		E80728E129D6336D0045ECAC /* ConvertControlNetViewModel.swift */ = {isa = PBXFileReference; lastKnownFileType = sourcecode.swift; path = ConvertControlNetViewModel.swift; sourceTree = "<group>"; };
		E80728E329D633730045ECAC /* ConvertControlNetView.swift */ = {isa = PBXFileReference; lastKnownFileType = sourcecode.swift; path = ConvertControlNetView.swift; sourceTree = "<group>"; };
		E82729A929D6E29D0029C1A9 /* Version.swift */ = {isa = PBXFileReference; lastKnownFileType = sourcecode.swift; path = Version.swift; sourceTree = "<group>"; };
		E82729AC29D70C220029C1A9 /* DestinationToolbarButton.swift */ = {isa = PBXFileReference; lastKnownFileType = sourcecode.swift; path = DestinationToolbarButton.swift; sourceTree = "<group>"; };
		E82F887929C7643200A36A05 /* Guernika Model Converter.app */ = {isa = PBXFileReference; explicitFileType = wrapper.application; includeInIndex = 0; path = "Guernika Model Converter.app"; sourceTree = BUILT_PRODUCTS_DIR; };
		E82F887C29C7643200A36A05 /* GuernikaModelConverterApp.swift */ = {isa = PBXFileReference; lastKnownFileType = sourcecode.swift; path = GuernikaModelConverterApp.swift; sourceTree = "<group>"; };
		E82F888029C7643300A36A05 /* Assets.xcassets */ = {isa = PBXFileReference; lastKnownFileType = folder.assetcatalog; path = Assets.xcassets; sourceTree = "<group>"; };
		E82F888329C7643300A36A05 /* Preview Assets.xcassets */ = {isa = PBXFileReference; lastKnownFileType = folder.assetcatalog; path = "Preview Assets.xcassets"; sourceTree = "<group>"; };
		E82F888529C7643300A36A05 /* GuernikaModelConverter.entitlements */ = {isa = PBXFileReference; lastKnownFileType = text.plist.entitlements; path = GuernikaModelConverter.entitlements; sourceTree = "<group>"; };
		E82F888A29C7643300A36A05 /* GuernikaModelConverterTests.xctest */ = {isa = PBXFileReference; explicitFileType = wrapper.cfbundle; includeInIndex = 0; path = GuernikaModelConverterTests.xctest; sourceTree = BUILT_PRODUCTS_DIR; };
		E82F888E29C7643300A36A05 /* GuernikaModelConverterTests.swift */ = {isa = PBXFileReference; lastKnownFileType = sourcecode.swift; path = GuernikaModelConverterTests.swift; sourceTree = "<group>"; };
		E82F889429C7643300A36A05 /* GuernikaModelConverterUITests.xctest */ = {isa = PBXFileReference; explicitFileType = wrapper.cfbundle; includeInIndex = 0; path = GuernikaModelConverterUITests.xctest; sourceTree = BUILT_PRODUCTS_DIR; };
		E82F889829C7643300A36A05 /* GuernikaModelConverterUITests.swift */ = {isa = PBXFileReference; lastKnownFileType = sourcecode.swift; path = GuernikaModelConverterUITests.swift; sourceTree = "<group>"; };
		E82F889A29C7643300A36A05 /* GuernikaModelConverterUITestsLaunchTests.swift */ = {isa = PBXFileReference; lastKnownFileType = sourcecode.swift; path = GuernikaModelConverterUITestsLaunchTests.swift; sourceTree = "<group>"; };
		E83C403A29D4EE420078E462 /* DetailColumn.swift */ = {isa = PBXFileReference; lastKnownFileType = sourcecode.swift; path = DetailColumn.swift; sourceTree = "<group>"; };
		E83C403B29D4EE420078E462 /* Sidebar.swift */ = {isa = PBXFileReference; lastKnownFileType = sourcecode.swift; path = Sidebar.swift; sourceTree = "<group>"; };
		E83C403C29D4EE420078E462 /* ContentView.swift */ = {isa = PBXFileReference; lastKnownFileType = sourcecode.swift; path = ContentView.swift; sourceTree = "<group>"; };
		E83C404429D4F1560078E462 /* ComputeUnits.swift */ = {isa = PBXFileReference; lastKnownFileType = sourcecode.swift; path = ComputeUnits.swift; sourceTree = "<group>"; };
		E83C404729D4F2790078E462 /* ConvertModelViewModel.swift */ = {isa = PBXFileReference; lastKnownFileType = sourcecode.swift; path = ConvertModelViewModel.swift; sourceTree = "<group>"; };
		E83C404929D4F2960078E462 /* ConvertModelView.swift */ = {isa = PBXFileReference; lastKnownFileType = sourcecode.swift; path = ConvertModelView.swift; sourceTree = "<group>"; };
		E83C404B29D4F61B0078E462 /* ModelOrigin.swift */ = {isa = PBXFileReference; lastKnownFileType = sourcecode.swift; path = ModelOrigin.swift; sourceTree = "<group>"; };
		E83C404D29D4F9B60078E462 /* IntegerField.swift */ = {isa = PBXFileReference; lastKnownFileType = sourcecode.swift; path = IntegerField.swift; sourceTree = "<group>"; };
		E83C404F29D581490078E462 /* ConverterProcess.swift */ = {isa = PBXFileReference; lastKnownFileType = sourcecode.swift; path = ConverterProcess.swift; sourceTree = "<group>"; };
		E83C405129D5A1880078E462 /* CircularProgress.swift */ = {isa = PBXFileReference; lastKnownFileType = sourcecode.swift; path = CircularProgress.swift; sourceTree = "<group>"; };
		E83C405429D5DB5E0078E462 /* LogView.swift */ = {isa = PBXFileReference; lastKnownFileType = sourcecode.swift; path = LogView.swift; sourceTree = "<group>"; };
		E83C405629D5DBE50078E462 /* Logger.swift */ = {isa = PBXFileReference; lastKnownFileType = sourcecode.swift; path = Logger.swift; sourceTree = "<group>"; };
		E85FB4BF2A3DC1B40067ACC2 /* GuernikaTools */ = {isa = PBXFileReference; lastKnownFileType = "compiled.mach-o.executable"; path = GuernikaTools; sourceTree = "<group>"; };
		E8ECA9A82A60C8A400E61B48 /* guernikatools */ = {isa = PBXFileReference; lastKnownFileType = text; name = guernikatools; path = GuernikaTools/guernikatools; sourceTree = SOURCE_ROOT; };
		E8FDCF582A3FCFC600483B18 /* Compression.swift */ = {isa = PBXFileReference; lastKnownFileType = sourcecode.swift; path = Compression.swift; sourceTree = "<group>"; };
/* End PBXFileReference section */

/* Begin PBXFrameworksBuildPhase section */
		E82F887629C7643200A36A05 /* Frameworks */ = {
			isa = PBXFrameworksBuildPhase;
			buildActionMask = 2147483647;
			files = (
			);
			runOnlyForDeploymentPostprocessing = 0;
		};
		E82F888729C7643300A36A05 /* Frameworks */ = {
			isa = PBXFrameworksBuildPhase;
			buildActionMask = 2147483647;
			files = (
			);
			runOnlyForDeploymentPostprocessing = 0;
		};
		E82F889129C7643300A36A05 /* Frameworks */ = {
			isa = PBXFrameworksBuildPhase;
			buildActionMask = 2147483647;
			files = (
			);
			runOnlyForDeploymentPostprocessing = 0;
		};
/* End PBXFrameworksBuildPhase section */

/* Begin PBXGroup section */
		E80728E029D633580045ECAC /* ConvertControlNet */ = {
			isa = PBXGroup;
			children = (
				E80728E129D6336D0045ECAC /* ConvertControlNetViewModel.swift */,
				E80728E329D633730045ECAC /* ConvertControlNetView.swift */,
			);
			path = ConvertControlNet;
			sourceTree = "<group>";
		};
		E82729AB29D70B950029C1A9 /* Views */ = {
			isa = PBXGroup;
			children = (
				E83C404D29D4F9B60078E462 /* IntegerField.swift */,
				E83C405129D5A1880078E462 /* CircularProgress.swift */,
				E82729AC29D70C220029C1A9 /* DestinationToolbarButton.swift */,
			);
			path = Views;
			sourceTree = "<group>";
		};
		E82F887029C7643200A36A05 = {
			isa = PBXGroup;
			children = (
				E82F887B29C7643200A36A05 /* GuernikaModelConverter */,
				E82F888D29C7643300A36A05 /* GuernikaModelConverterTests */,
				E82F889729C7643300A36A05 /* GuernikaModelConverterUITests */,
				E82F887A29C7643200A36A05 /* Products */,
			);
			sourceTree = "<group>";
		};
		E82F887A29C7643200A36A05 /* Products */ = {
			isa = PBXGroup;
			children = (
				E82F887929C7643200A36A05 /* Guernika Model Converter.app */,
				E82F888A29C7643300A36A05 /* GuernikaModelConverterTests.xctest */,
				E82F889429C7643300A36A05 /* GuernikaModelConverterUITests.xctest */,
			);
			name = Products;
			sourceTree = "<group>";
		};
		E82F887B29C7643200A36A05 /* GuernikaModelConverter */ = {
			isa = PBXGroup;
			children = (
				E82F887C29C7643200A36A05 /* GuernikaModelConverterApp.swift */,
				E83C403929D4EE420078E462 /* Navigation */,
				E83C404629D4F2690078E462 /* ConvertModel */,
				E80728E029D633580045ECAC /* ConvertControlNet */,
				E83C405329D5DB540078E462 /* Log */,
				E82729AB29D70B950029C1A9 /* Views */,
				E83C404329D4F1490078E462 /* Model */,
				E82F888029C7643300A36A05 /* Assets.xcassets */,
				E85FB4BF2A3DC1B40067ACC2 /* GuernikaTools */,
				E82F888529C7643300A36A05 /* GuernikaModelConverter.entitlements */,
				E8ECA9A82A60C8A400E61B48 /* guernikatools */,
				E82F888229C7643300A36A05 /* Preview Content */,
			);
			path = GuernikaModelConverter;
			sourceTree = "<group>";
		};
		E82F888229C7643300A36A05 /* Preview Content */ = {
			isa = PBXGroup;
			children = (
				E82F888329C7643300A36A05 /* Preview Assets.xcassets */,
			);
			path = "Preview Content";
			sourceTree = "<group>";
		};
		E82F888D29C7643300A36A05 /* GuernikaModelConverterTests */ = {
			isa = PBXGroup;
			children = (
				E82F888E29C7643300A36A05 /* GuernikaModelConverterTests.swift */,
			);
			path = GuernikaModelConverterTests;
			sourceTree = "<group>";
		};
		E82F889729C7643300A36A05 /* GuernikaModelConverterUITests */ = {
			isa = PBXGroup;
			children = (
				E82F889829C7643300A36A05 /* GuernikaModelConverterUITests.swift */,
				E82F889A29C7643300A36A05 /* GuernikaModelConverterUITestsLaunchTests.swift */,
			);
			path = GuernikaModelConverterUITests;
			sourceTree = "<group>";
		};
		E83C403929D4EE420078E462 /* Navigation */ = {
			isa = PBXGroup;
			children = (
				E83C403C29D4EE420078E462 /* ContentView.swift */,
				E83C403B29D4EE420078E462 /* Sidebar.swift */,
				E83C403A29D4EE420078E462 /* DetailColumn.swift */,
			);
			path = Navigation;
			sourceTree = "<group>";
		};
		E83C404329D4F1490078E462 /* Model */ = {
			isa = PBXGroup;
			children = (
				E83C405629D5DBE50078E462 /* Logger.swift */,
				E82729A929D6E29D0029C1A9 /* Version.swift */,
				E83C404B29D4F61B0078E462 /* ModelOrigin.swift */,
				E83C404429D4F1560078E462 /* ComputeUnits.swift */,
				E8FDCF582A3FCFC600483B18 /* Compression.swift */,
				E83C404F29D581490078E462 /* ConverterProcess.swift */,
			);
			path = Model;
			sourceTree = "<group>";
		};
		E83C404629D4F2690078E462 /* ConvertModel */ = {
			isa = PBXGroup;
			children = (
				E83C404729D4F2790078E462 /* ConvertModelViewModel.swift */,
				E83C404929D4F2960078E462 /* ConvertModelView.swift */,
			);
			path = ConvertModel;
			sourceTree = "<group>";
		};
		E83C405329D5DB540078E462 /* Log */ = {
			isa = PBXGroup;
			children = (
				E83C405429D5DB5E0078E462 /* LogView.swift */,
			);
			path = Log;
			sourceTree = "<group>";
		};
/* End PBXGroup section */

/* Begin PBXNativeTarget section */
		E82F887829C7643200A36A05 /* GuernikaModelConverter */ = {
			isa = PBXNativeTarget;
			buildConfigurationList = E82F889E29C7643300A36A05 /* Build configuration list for PBXNativeTarget "GuernikaModelConverter" */;
			buildPhases = (
				E82F887529C7643200A36A05 /* Sources */,
				E82F887629C7643200A36A05 /* Frameworks */,
				E82F887729C7643200A36A05 /* Resources */,
				E82729AF29D7424C0029C1A9 /* Copy GuernikaTools */,
			);
			buildRules = (
			);
			dependencies = (
			);
			name = GuernikaModelConverter;
			productName = GuernikaModelConverter;
			productReference = E82F887929C7643200A36A05 /* Guernika Model Converter.app */;
			productType = "com.apple.product-type.application";
		};
		E82F888929C7643300A36A05 /* GuernikaModelConverterTests */ = {
			isa = PBXNativeTarget;
			buildConfigurationList = E82F88A129C7643300A36A05 /* Build configuration list for PBXNativeTarget "GuernikaModelConverterTests" */;
			buildPhases = (
				E82F888629C7643300A36A05 /* Sources */,
				E82F888729C7643300A36A05 /* Frameworks */,
				E82F888829C7643300A36A05 /* Resources */,
			);
			buildRules = (
			);
			dependencies = (
				E82F888C29C7643300A36A05 /* PBXTargetDependency */,
			);
			name = GuernikaModelConverterTests;
			productName = GuernikaModelConverterTests;
			productReference = E82F888A29C7643300A36A05 /* GuernikaModelConverterTests.xctest */;
			productType = "com.apple.product-type.bundle.unit-test";
		};
		E82F889329C7643300A36A05 /* GuernikaModelConverterUITests */ = {
			isa = PBXNativeTarget;
			buildConfigurationList = E82F88A429C7643300A36A05 /* Build configuration list for PBXNativeTarget "GuernikaModelConverterUITests" */;
			buildPhases = (
				E82F889029C7643300A36A05 /* Sources */,
				E82F889129C7643300A36A05 /* Frameworks */,
				E82F889229C7643300A36A05 /* Resources */,
			);
			buildRules = (
			);
			dependencies = (
				E82F889629C7643300A36A05 /* PBXTargetDependency */,
			);
			name = GuernikaModelConverterUITests;
			productName = GuernikaModelConverterUITests;
			productReference = E82F889429C7643300A36A05 /* GuernikaModelConverterUITests.xctest */;
			productType = "com.apple.product-type.bundle.ui-testing";
		};
/* End PBXNativeTarget section */

/* Begin PBXProject section */
		E82F887129C7643200A36A05 /* Project object */ = {
			isa = PBXProject;
			attributes = {
				BuildIndependentTargetsInParallel = 1;
				LastSwiftUpdateCheck = 1420;
				LastUpgradeCheck = 1430;
				TargetAttributes = {
					E82F887829C7643200A36A05 = {
						CreatedOnToolsVersion = 14.2;
					};
					E82F888929C7643300A36A05 = {
						CreatedOnToolsVersion = 14.2;
						TestTargetID = E82F887829C7643200A36A05;
					};
					E82F889329C7643300A36A05 = {
						CreatedOnToolsVersion = 14.2;
						TestTargetID = E82F887829C7643200A36A05;
					};
				};
			};
			buildConfigurationList = E82F887429C7643200A36A05 /* Build configuration list for PBXProject "GuernikaModelConverter" */;
			compatibilityVersion = "Xcode 14.0";
			developmentRegion = en;
			hasScannedForEncodings = 0;
			knownRegions = (
				en,
				Base,
			);
			mainGroup = E82F887029C7643200A36A05;
			productRefGroup = E82F887A29C7643200A36A05 /* Products */;
			projectDirPath = "";
			projectRoot = "";
			targets = (
				E82F887829C7643200A36A05 /* GuernikaModelConverter */,
				E82F888929C7643300A36A05 /* GuernikaModelConverterTests */,
				E82F889329C7643300A36A05 /* GuernikaModelConverterUITests */,
			);
		};
/* End PBXProject section */

/* Begin PBXResourcesBuildPhase section */
		E82F887729C7643200A36A05 /* Resources */ = {
			isa = PBXResourcesBuildPhase;
			buildActionMask = 2147483647;
			files = (
				E82F888429C7643300A36A05 /* Preview Assets.xcassets in Resources */,
				E82F888129C7643300A36A05 /* Assets.xcassets in Resources */,
			);
			runOnlyForDeploymentPostprocessing = 0;
		};
		E82F888829C7643300A36A05 /* Resources */ = {
			isa = PBXResourcesBuildPhase;
			buildActionMask = 2147483647;
			files = (
			);
			runOnlyForDeploymentPostprocessing = 0;
		};
		E82F889229C7643300A36A05 /* Resources */ = {
			isa = PBXResourcesBuildPhase;
			buildActionMask = 2147483647;
			files = (
			);
			runOnlyForDeploymentPostprocessing = 0;
		};
/* End PBXResourcesBuildPhase section */

/* Begin PBXSourcesBuildPhase section */
		E82F887529C7643200A36A05 /* Sources */ = {
			isa = PBXSourcesBuildPhase;
			buildActionMask = 2147483647;
			files = (
				E82729AD29D70C220029C1A9 /* DestinationToolbarButton.swift in Sources */,
				E83C404529D4F1560078E462 /* ComputeUnits.swift in Sources */,
				E83C405529D5DB5E0078E462 /* LogView.swift in Sources */,
				E83C404029D4EED70078E462 /* DetailColumn.swift in Sources */,
				E83C404A29D4F2960078E462 /* ConvertModelView.swift in Sources */,
				E80728E229D6336D0045ECAC /* ConvertControlNetViewModel.swift in Sources */,
				E83C404829D4F2790078E462 /* ConvertModelViewModel.swift in Sources */,
				E83C405029D581490078E462 /* ConverterProcess.swift in Sources */,
				E83C404229D4EED70078E462 /* ContentView.swift in Sources */,
				E83C404E29D4F9B60078E462 /* IntegerField.swift in Sources */,
				E83C404C29D4F61B0078E462 /* ModelOrigin.swift in Sources */,
				E80728E429D633730045ECAC /* ConvertControlNetView.swift in Sources */,
				E83C405729D5DBE50078E462 /* Logger.swift in Sources */,
				E83C404129D4EED70078E462 /* Sidebar.swift in Sources */,
				E8FDCF592A3FCFC600483B18 /* Compression.swift in Sources */,
				E82F887D29C7643200A36A05 /* GuernikaModelConverterApp.swift in Sources */,
				E82729AA29D6E29D0029C1A9 /* Version.swift in Sources */,
				E83C405229D5A1880078E462 /* CircularProgress.swift in Sources */,
			);
			runOnlyForDeploymentPostprocessing = 0;
		};
		E82F888629C7643300A36A05 /* Sources */ = {
			isa = PBXSourcesBuildPhase;
			buildActionMask = 2147483647;
			files = (
				E82F888F29C7643300A36A05 /* GuernikaModelConverterTests.swift in Sources */,
			);
			runOnlyForDeploymentPostprocessing = 0;
		};
		E82F889029C7643300A36A05 /* Sources */ = {
			isa = PBXSourcesBuildPhase;
			buildActionMask = 2147483647;
			files = (
				E82F889929C7643300A36A05 /* GuernikaModelConverterUITests.swift in Sources */,
				E82F889B29C7643300A36A05 /* GuernikaModelConverterUITestsLaunchTests.swift in Sources */,
			);
			runOnlyForDeploymentPostprocessing = 0;
		};
/* End PBXSourcesBuildPhase section */

/* Begin PBXTargetDependency section */
		E82F888C29C7643300A36A05 /* PBXTargetDependency */ = {
			isa = PBXTargetDependency;
			target = E82F887829C7643200A36A05 /* GuernikaModelConverter */;
			targetProxy = E82F888B29C7643300A36A05 /* PBXContainerItemProxy */;
		};
		E82F889629C7643300A36A05 /* PBXTargetDependency */ = {
			isa = PBXTargetDependency;
			target = E82F887829C7643200A36A05 /* GuernikaModelConverter */;
			targetProxy = E82F889529C7643300A36A05 /* PBXContainerItemProxy */;
		};
/* End PBXTargetDependency section */

/* Begin XCBuildConfiguration section */
		E82F889C29C7643300A36A05 /* Debug */ = {
			isa = XCBuildConfiguration;
			buildSettings = {
				ALWAYS_SEARCH_USER_PATHS = NO;
				CLANG_ANALYZER_NONNULL = YES;
				CLANG_ANALYZER_NUMBER_OBJECT_CONVERSION = YES_AGGRESSIVE;
				CLANG_CXX_LANGUAGE_STANDARD = "gnu++20";
				CLANG_ENABLE_MODULES = YES;
				CLANG_ENABLE_OBJC_ARC = YES;
				CLANG_ENABLE_OBJC_WEAK = YES;
				CLANG_WARN_BLOCK_CAPTURE_AUTORELEASING = YES;
				CLANG_WARN_BOOL_CONVERSION = YES;
				CLANG_WARN_COMMA = YES;
				CLANG_WARN_CONSTANT_CONVERSION = YES;
				CLANG_WARN_DEPRECATED_OBJC_IMPLEMENTATIONS = YES;
				CLANG_WARN_DIRECT_OBJC_ISA_USAGE = YES_ERROR;
				CLANG_WARN_DOCUMENTATION_COMMENTS = YES;
				CLANG_WARN_EMPTY_BODY = YES;
				CLANG_WARN_ENUM_CONVERSION = YES;
				CLANG_WARN_INFINITE_RECURSION = YES;
				CLANG_WARN_INT_CONVERSION = YES;
				CLANG_WARN_NON_LITERAL_NULL_CONVERSION = YES;
				CLANG_WARN_OBJC_IMPLICIT_RETAIN_SELF = YES;
				CLANG_WARN_OBJC_LITERAL_CONVERSION = YES;
				CLANG_WARN_OBJC_ROOT_CLASS = YES_ERROR;
				CLANG_WARN_QUOTED_INCLUDE_IN_FRAMEWORK_HEADER = YES;
				CLANG_WARN_RANGE_LOOP_ANALYSIS = YES;
				CLANG_WARN_STRICT_PROTOTYPES = YES;
				CLANG_WARN_SUSPICIOUS_MOVE = YES;
				CLANG_WARN_UNGUARDED_AVAILABILITY = YES_AGGRESSIVE;
				CLANG_WARN_UNREACHABLE_CODE = YES;
				CLANG_WARN__DUPLICATE_METHOD_MATCH = YES;
				COPY_PHASE_STRIP = NO;
				DEAD_CODE_STRIPPING = YES;
				DEBUG_INFORMATION_FORMAT = dwarf;
				ENABLE_STRICT_OBJC_MSGSEND = YES;
				ENABLE_TESTABILITY = YES;
				GCC_C_LANGUAGE_STANDARD = gnu11;
				GCC_DYNAMIC_NO_PIC = NO;
				GCC_NO_COMMON_BLOCKS = YES;
				GCC_OPTIMIZATION_LEVEL = 0;
				GCC_PREPROCESSOR_DEFINITIONS = (
					"DEBUG=1",
					"$(inherited)",
				);
				GCC_WARN_64_TO_32_BIT_CONVERSION = YES;
				GCC_WARN_ABOUT_RETURN_TYPE = YES_ERROR;
				GCC_WARN_UNDECLARED_SELECTOR = YES;
				GCC_WARN_UNINITIALIZED_AUTOS = YES_AGGRESSIVE;
				GCC_WARN_UNUSED_FUNCTION = YES;
				GCC_WARN_UNUSED_VARIABLE = YES;
				MACOSX_DEPLOYMENT_TARGET = 13.1;
				MTL_ENABLE_DEBUG_INFO = INCLUDE_SOURCE;
				MTL_FAST_MATH = YES;
				ONLY_ACTIVE_ARCH = YES;
				SDKROOT = macosx;
				SWIFT_ACTIVE_COMPILATION_CONDITIONS = DEBUG;
				SWIFT_OPTIMIZATION_LEVEL = "-Onone";
			};
			name = Debug;
		};
		E82F889D29C7643300A36A05 /* Release */ = {
			isa = XCBuildConfiguration;
			buildSettings = {
				ALWAYS_SEARCH_USER_PATHS = NO;
				CLANG_ANALYZER_NONNULL = YES;
				CLANG_ANALYZER_NUMBER_OBJECT_CONVERSION = YES_AGGRESSIVE;
				CLANG_CXX_LANGUAGE_STANDARD = "gnu++20";
				CLANG_ENABLE_MODULES = YES;
				CLANG_ENABLE_OBJC_ARC = YES;
				CLANG_ENABLE_OBJC_WEAK = YES;
				CLANG_WARN_BLOCK_CAPTURE_AUTORELEASING = YES;
				CLANG_WARN_BOOL_CONVERSION = YES;
				CLANG_WARN_COMMA = YES;
				CLANG_WARN_CONSTANT_CONVERSION = YES;
				CLANG_WARN_DEPRECATED_OBJC_IMPLEMENTATIONS = YES;
				CLANG_WARN_DIRECT_OBJC_ISA_USAGE = YES_ERROR;
				CLANG_WARN_DOCUMENTATION_COMMENTS = YES;
				CLANG_WARN_EMPTY_BODY = YES;
				CLANG_WARN_ENUM_CONVERSION = YES;
				CLANG_WARN_INFINITE_RECURSION = YES;
				CLANG_WARN_INT_CONVERSION = YES;
				CLANG_WARN_NON_LITERAL_NULL_CONVERSION = YES;
				CLANG_WARN_OBJC_IMPLICIT_RETAIN_SELF = YES;
				CLANG_WARN_OBJC_LITERAL_CONVERSION = YES;
				CLANG_WARN_OBJC_ROOT_CLASS = YES_ERROR;
				CLANG_WARN_QUOTED_INCLUDE_IN_FRAMEWORK_HEADER = YES;
				CLANG_WARN_RANGE_LOOP_ANALYSIS = YES;
				CLANG_WARN_STRICT_PROTOTYPES = YES;
				CLANG_WARN_SUSPICIOUS_MOVE = YES;
				CLANG_WARN_UNGUARDED_AVAILABILITY = YES_AGGRESSIVE;
				CLANG_WARN_UNREACHABLE_CODE = YES;
				CLANG_WARN__DUPLICATE_METHOD_MATCH = YES;
				COPY_PHASE_STRIP = NO;
				DEAD_CODE_STRIPPING = YES;
				DEBUG_INFORMATION_FORMAT = "dwarf-with-dsym";
				ENABLE_NS_ASSERTIONS = NO;
				ENABLE_STRICT_OBJC_MSGSEND = YES;
				GCC_C_LANGUAGE_STANDARD = gnu11;
				GCC_NO_COMMON_BLOCKS = YES;
				GCC_WARN_64_TO_32_BIT_CONVERSION = YES;
				GCC_WARN_ABOUT_RETURN_TYPE = YES_ERROR;
				GCC_WARN_UNDECLARED_SELECTOR = YES;
				GCC_WARN_UNINITIALIZED_AUTOS = YES_AGGRESSIVE;
				GCC_WARN_UNUSED_FUNCTION = YES;
				GCC_WARN_UNUSED_VARIABLE = YES;
				MACOSX_DEPLOYMENT_TARGET = 13.1;
				MTL_ENABLE_DEBUG_INFO = NO;
				MTL_FAST_MATH = YES;
				SDKROOT = macosx;
				SWIFT_COMPILATION_MODE = wholemodule;
				SWIFT_OPTIMIZATION_LEVEL = "-O";
			};
			name = Release;
		};
		E82F889F29C7643300A36A05 /* Debug */ = {
			isa = XCBuildConfiguration;
			buildSettings = {
				ASSETCATALOG_COMPILER_APPICON_NAME = AppIcon;
				ASSETCATALOG_COMPILER_GLOBAL_ACCENT_COLOR_NAME = AccentColor;
				CODE_SIGN_ENTITLEMENTS = GuernikaModelConverter/GuernikaModelConverter.entitlements;
				CODE_SIGN_STYLE = Automatic;
				COMBINE_HIDPI_IMAGES = YES;
				CURRENT_PROJECT_VERSION = 1;
				DEAD_CODE_STRIPPING = YES;
				DEVELOPMENT_ASSET_PATHS = "\"GuernikaModelConverter/Preview Content\"";
				DEVELOPMENT_TEAM = A5ZC2LG374;
				ENABLE_HARDENED_RUNTIME = YES;
				ENABLE_PREVIEWS = YES;
				GENERATE_INFOPLIST_FILE = YES;
				INFOPLIST_KEY_LSApplicationCategoryType = "public.app-category.utilities";
				INFOPLIST_KEY_NSHumanReadableCopyright = "";
				LD_RUNPATH_SEARCH_PATHS = (
					"$(inherited)",
					"@executable_path/../Frameworks",
				);
				MARKETING_VERSION = 5.0.4;
				PRODUCT_BUNDLE_IDENTIFIER = com.guiyec.GuernikaModelConverter;
				PRODUCT_NAME = "Guernika Model Converter";
				SWIFT_EMIT_LOC_STRINGS = YES;
				SWIFT_VERSION = 5.0;
			};
			name = Debug;
		};
		E82F88A029C7643300A36A05 /* Release */ = {
			isa = XCBuildConfiguration;
			buildSettings = {
				ASSETCATALOG_COMPILER_APPICON_NAME = AppIcon;
				ASSETCATALOG_COMPILER_GLOBAL_ACCENT_COLOR_NAME = AccentColor;
				CODE_SIGN_ENTITLEMENTS = GuernikaModelConverter/GuernikaModelConverter.entitlements;
				CODE_SIGN_STYLE = Automatic;
				COMBINE_HIDPI_IMAGES = YES;
				CURRENT_PROJECT_VERSION = 1;
				DEAD_CODE_STRIPPING = YES;
				DEVELOPMENT_ASSET_PATHS = "\"GuernikaModelConverter/Preview Content\"";
				DEVELOPMENT_TEAM = A5ZC2LG374;
				ENABLE_HARDENED_RUNTIME = YES;
				ENABLE_PREVIEWS = YES;
				GENERATE_INFOPLIST_FILE = YES;
				INFOPLIST_KEY_LSApplicationCategoryType = "public.app-category.utilities";
				INFOPLIST_KEY_NSHumanReadableCopyright = "";
				LD_RUNPATH_SEARCH_PATHS = (
					"$(inherited)",
					"@executable_path/../Frameworks",
				);
				MARKETING_VERSION = 5.0.4;
				PRODUCT_BUNDLE_IDENTIFIER = com.guiyec.GuernikaModelConverter;
				PRODUCT_NAME = "Guernika Model Converter";
				SWIFT_EMIT_LOC_STRINGS = YES;
				SWIFT_VERSION = 5.0;
			};
			name = Release;
		};
		E82F88A229C7643300A36A05 /* Debug */ = {
			isa = XCBuildConfiguration;
			buildSettings = {
				ALWAYS_EMBED_SWIFT_STANDARD_LIBRARIES = YES;
				BUNDLE_LOADER = "$(TEST_HOST)";
				CODE_SIGN_STYLE = Automatic;
				CURRENT_PROJECT_VERSION = 1;
				DEAD_CODE_STRIPPING = YES;
				DEVELOPMENT_TEAM = A5ZC2LG374;
				GENERATE_INFOPLIST_FILE = YES;
				MACOSX_DEPLOYMENT_TARGET = 13.1;
				MARKETING_VERSION = 1.0;
				PRODUCT_BUNDLE_IDENTIFIER = com.guiyec.GuernikaModelConverterTests;
				PRODUCT_NAME = "$(TARGET_NAME)";
				SWIFT_EMIT_LOC_STRINGS = NO;
				SWIFT_VERSION = 5.0;
				TEST_HOST = "$(BUILT_PRODUCTS_DIR)/GuernikaModelConverter.app/$(BUNDLE_EXECUTABLE_FOLDER_PATH)/GuernikaModelConverter";
			};
			name = Debug;
		};
		E82F88A329C7643300A36A05 /* Release */ = {
			isa = XCBuildConfiguration;
			buildSettings = {
				ALWAYS_EMBED_SWIFT_STANDARD_LIBRARIES = YES;
				BUNDLE_LOADER = "$(TEST_HOST)";
				CODE_SIGN_STYLE = Automatic;
				CURRENT_PROJECT_VERSION = 1;
				DEAD_CODE_STRIPPING = YES;
				DEVELOPMENT_TEAM = A5ZC2LG374;
				GENERATE_INFOPLIST_FILE = YES;
				MACOSX_DEPLOYMENT_TARGET = 13.1;
				MARKETING_VERSION = 1.0;
				PRODUCT_BUNDLE_IDENTIFIER = com.guiyec.GuernikaModelConverterTests;
				PRODUCT_NAME = "$(TARGET_NAME)";
				SWIFT_EMIT_LOC_STRINGS = NO;
				SWIFT_VERSION = 5.0;
				TEST_HOST = "$(BUILT_PRODUCTS_DIR)/GuernikaModelConverter.app/$(BUNDLE_EXECUTABLE_FOLDER_PATH)/GuernikaModelConverter";
			};
			name = Release;
		};
		E82F88A529C7643300A36A05 /* Debug */ = {
			isa = XCBuildConfiguration;
			buildSettings = {
				ALWAYS_EMBED_SWIFT_STANDARD_LIBRARIES = YES;
				CODE_SIGN_STYLE = Automatic;
				CURRENT_PROJECT_VERSION = 1;
				DEAD_CODE_STRIPPING = YES;
				DEVELOPMENT_TEAM = A5ZC2LG374;
				GENERATE_INFOPLIST_FILE = YES;
				MARKETING_VERSION = 1.0;
				PRODUCT_BUNDLE_IDENTIFIER = com.guiyec.GuernikaModelConverterUITests;
				PRODUCT_NAME = "$(TARGET_NAME)";
				SWIFT_EMIT_LOC_STRINGS = NO;
				SWIFT_VERSION = 5.0;
				TEST_TARGET_NAME = GuernikaModelConverter;
			};
			name = Debug;
		};
		E82F88A629C7643300A36A05 /* Release */ = {
			isa = XCBuildConfiguration;
			buildSettings = {
				ALWAYS_EMBED_SWIFT_STANDARD_LIBRARIES = YES;
				CODE_SIGN_STYLE = Automatic;
				CURRENT_PROJECT_VERSION = 1;
				DEAD_CODE_STRIPPING = YES;
				DEVELOPMENT_TEAM = A5ZC2LG374;
				GENERATE_INFOPLIST_FILE = YES;
				MARKETING_VERSION = 1.0;
				PRODUCT_BUNDLE_IDENTIFIER = com.guiyec.GuernikaModelConverterUITests;
				PRODUCT_NAME = "$(TARGET_NAME)";
				SWIFT_EMIT_LOC_STRINGS = NO;
				SWIFT_VERSION = 5.0;
				TEST_TARGET_NAME = GuernikaModelConverter;
			};
			name = Release;
		};
/* End XCBuildConfiguration section */

/* Begin XCConfigurationList section */
		E82F887429C7643200A36A05 /* Build configuration list for PBXProject "GuernikaModelConverter" */ = {
			isa = XCConfigurationList;
			buildConfigurations = (
				E82F889C29C7643300A36A05 /* Debug */,
				E82F889D29C7643300A36A05 /* Release */,
			);
			defaultConfigurationIsVisible = 0;
			defaultConfigurationName = Release;
		};
		E82F889E29C7643300A36A05 /* Build configuration list for PBXNativeTarget "GuernikaModelConverter" */ = {
			isa = XCConfigurationList;
			buildConfigurations = (
				E82F889F29C7643300A36A05 /* Debug */,
				E82F88A029C7643300A36A05 /* Release */,
			);
			defaultConfigurationIsVisible = 0;
			defaultConfigurationName = Release;
		};
		E82F88A129C7643300A36A05 /* Build configuration list for PBXNativeTarget "GuernikaModelConverterTests" */ = {
			isa = XCConfigurationList;
			buildConfigurations = (
				E82F88A229C7643300A36A05 /* Debug */,
				E82F88A329C7643300A36A05 /* Release */,
			);
			defaultConfigurationIsVisible = 0;
			defaultConfigurationName = Release;
		};
		E82F88A429C7643300A36A05 /* Build configuration list for PBXNativeTarget "GuernikaModelConverterUITests" */ = {
			isa = XCConfigurationList;
			buildConfigurations = (
				E82F88A529C7643300A36A05 /* Debug */,
				E82F88A629C7643300A36A05 /* Release */,
			);
			defaultConfigurationIsVisible = 0;
			defaultConfigurationName = Release;
		};
/* End XCConfigurationList section */
	};
	rootObject = E82F887129C7643200A36A05 /* Project object */;
}
